
Microsoft Visual Studio Solution File, Format Version 12.00
# Visual Studio Version 17
VisualStudioVersion = 17.8.34525.116
MinimumVisualStudioVersion = 10.0.40219.1
Project("{FAE04EC0-301F-11D3-BF4B-00C04F79EFBC}") = "vsw", "vsw\vsw.csproj", "{0DAAC438-2A54-4A48-8F97-659B7B112B32}"
EndProject
Global
	GlobalSection(SolutionConfigurationPlatforms) = preSolution
		Debug|Any CPU = Debug|Any CPU
		Release|Any CPU = Release|Any CPU
	EndGlobalSection
	GlobalSection(ProjectConfigurationPlatforms) = postSolution
		{0DAAC438-2A54-4A48-8F97-659B7B112B32}.Debug|Any CPU.ActiveCfg = Debug|Any CPU
		{0DAAC438-2A54-4A48-8F97-659B7B112B32}.Debug|Any CPU.Build.0 = Debug|Any CPU
		{0DAAC438-2A54-4A48-8F97-659B7B112B32}.Release|Any CPU.ActiveCfg = Release|Any CPU
		{0DAAC438-2A54-4A48-8F97-659B7B112B32}.Release|Any CPU.Build.0 = Release|Any CPU
	EndGlobalSection
	GlobalSection(SolutionProperties) = preSolution
		HideSolutionNode = FALSE
	EndGlobalSection
	GlobalSection(ExtensibilityGlobals) = postSolution
		SolutionGuid = {C0BF26F8-8B4C-42C7-8FA9-4C720E699811}
	EndGlobalSection
EndGlobal
